
Microsoft Visual Studio Solution File, Format Version 12.00
# Visual Studio Express 2012 for Windows Desktop
Project("{FAE04EC0-301F-11D3-BF4B-00C04F79EFBC}") = "PackCSS", "PackCSS\PackCSS.csproj", "{D151A9E0-906A-42E8-92BC-06F9FC2D7C78}"
EndProject
Global
	GlobalSection(SolutionConfigurationPlatforms) = preSolution
		Debug|Any CPU = Debug|Any CPU
		Release|Any CPU = Release|Any CPU
	EndGlobalSection
	GlobalSection(ProjectConfigurationPlatforms) = postSolution
		{D151A9E0-906A-42E8-92BC-06F9FC2D7C78}.Debug|Any CPU.ActiveCfg = Debug|Any CPU
		{D151A9E0-906A-42E8-92BC-06F9FC2D7C78}.Debug|Any CPU.Build.0 = Debug|Any CPU
		{D151A9E0-906A-42E8-92BC-06F9FC2D7C78}.Release|Any CPU.ActiveCfg = Release|Any CPU
		{D151A9E0-906A-42E8-92BC-06F9FC2D7C78}.Release|Any CPU.Build.0 = Release|Any CPU
	EndGlobalSection
	GlobalSection(SolutionProperties) = preSolution
		HideSolutionNode = FALSE
	EndGlobalSection
EndGlobal
